
Microsoft Visual Studio Solution File, Format Version 12.00
# Visual Studio Version 17
VisualStudioVersion = 17.9.34607.119
MinimumVisualStudioVersion = 10.0.40219.1
Project("{FAE04EC0-301F-11D3-BF4B-00C04F79EFBC}") = "Student-CRUD", "Student-CRUD\Student-CRUD.csproj", "{9D087654-B19D-4034-882C-77BB598969AB}"
EndProject
Global
	GlobalSection(SolutionConfigurationPlatforms) = preSolution
		Debug|Any CPU = Debug|Any CPU
		Release|Any CPU = Release|Any CPU
	EndGlobalSection
	GlobalSection(ProjectConfigurationPlatforms) = postSolution
		{9D087654-B19D-4034-882C-77BB598969AB}.Debug|Any CPU.ActiveCfg = Debug|Any CPU
		{9D087654-B19D-4034-882C-77BB598969AB}.Debug|Any CPU.Build.0 = Debug|Any CPU
		{9D087654-B19D-4034-882C-77BB598969AB}.Release|Any CPU.ActiveCfg = Release|Any CPU
		{9D087654-B19D-4034-882C-77BB598969AB}.Release|Any CPU.Build.0 = Release|Any CPU
	EndGlobalSection
	GlobalSection(SolutionProperties) = preSolution
		HideSolutionNode = FALSE
	EndGlobalSection
	GlobalSection(ExtensibilityGlobals) = postSolution
		SolutionGuid = {A3373938-9615-497C-855D-B43D5906470A}
	EndGlobalSection
EndGlobal
